
Microsoft Visual Studio Solution File, Format Version 12.00
# Visual Studio 2013
VisualStudioVersion = 12.0.21005.1
MinimumVisualStudioVersion = 10.0.40219.1
Project("{FAE04EC0-301F-11D3-BF4B-00C04F79EFBC}") = "Ombro", "Ombro\Ombro.csproj", "{05E27B8B-8D85-44F6-97F7-197B8A857CB2}"
EndProject
Project("{2150E333-8FDC-42A3-9474-1A3956D46DE8}") = "Solution Items", "Solution Items", "{A78AE67F-8E7A-4B89-9C47-A3A39B4C8359}"
	ProjectSection(SolutionItems) = preProject
		Performance1.psess = Performance1.psess
		Performance2.psess = Performance2.psess
	EndProjectSection
EndProject
Global
	GlobalSection(SolutionConfigurationPlatforms) = preSolution
		Debug|Any CPU = Debug|Any CPU
		Release|Any CPU = Release|Any CPU
	EndGlobalSection
	GlobalSection(ProjectConfigurationPlatforms) = postSolution
		{05E27B8B-8D85-44F6-97F7-197B8A857CB2}.Debug|Any CPU.ActiveCfg = Debug|Any CPU
		{05E27B8B-8D85-44F6-97F7-197B8A857CB2}.Debug|Any CPU.Build.0 = Debug|Any CPU
		{05E27B8B-8D85-44F6-97F7-197B8A857CB2}.Debug|Any CPU.Deploy.0 = Debug|Any CPU
		{05E27B8B-8D85-44F6-97F7-197B8A857CB2}.Release|Any CPU.ActiveCfg = Release|Any CPU
		{05E27B8B-8D85-44F6-97F7-197B8A857CB2}.Release|Any CPU.Build.0 = Release|Any CPU
		{05E27B8B-8D85-44F6-97F7-197B8A857CB2}.Release|Any CPU.Deploy.0 = Release|Any CPU
	EndGlobalSection
	GlobalSection(SolutionProperties) = preSolution
		HideSolutionNode = FALSE
	EndGlobalSection
EndGlobal
